// !$*UTF8*$!
{
	archiveVersion = 1;
	classes = {
	};
	objectVersion = 54;
	objects = {

/* Begin PBXBuildFile section */
		00E356F31AD99517003FC87E /* DemoProjectTests.m in Sources */ = {isa = PBXBuildFile; fileRef = 00E356F21AD99517003FC87E /* DemoProjectTests.m */; };
		03BE7AA51FB84481B7D0E368 /* Feather.ttf in Resources */ = {isa = PBXBuildFile; fileRef = F54C944F1CFF463CB8B39000 /* Feather.ttf */; };
		0A2005AFEA794366BB5473DC /* BerkshireSwash-Regular.ttf in Resources */ = {isa = PBXBuildFile; fileRef = 6B525D9D7C7C4F14B825E78E /* BerkshireSwash-Regular.ttf */; };
		0FD5EC7D068844B3A2919204 /* Monoton-Regular.ttf in Resources */ = {isa = PBXBuildFile; fileRef = DAE15898D6224362875D4184 /* Monoton-Regular.ttf */; };
		11442DCC589D457CB5C545D6 /* Foundation.ttf in Resources */ = {isa = PBXBuildFile; fileRef = 91E32C56674D4D39BFFDC1D4 /* Foundation.ttf */; };
		13B07FBC1A68108700A75B9A /* AppDelegate.m in Sources */ = {isa = PBXBuildFile; fileRef = 13B07FB01A68108700A75B9A /* AppDelegate.m */; };
		13B07FBF1A68108700A75B9A /* Images.xcassets in Resources */ = {isa = PBXBuildFile; fileRef = 13B07FB51A68108700A75B9A /* Images.xcassets */; };
		13B07FC11A68108700A75B9A /* main.m in Sources */ = {isa = PBXBuildFile; fileRef = 13B07FB71A68108700A75B9A /* main.m */; };
		2BC9FC509DFD4744ACDFD7B1 /* Roboto-Light.ttf in Resources */ = {isa = PBXBuildFile; fileRef = DB7B4AE4CE09476B9428F869 /* Roboto-Light.ttf */; };
		4330723BE4C442D2856ED336 /* FontAwesome5_Solid.ttf in Resources */ = {isa = PBXBuildFile; fileRef = 2E2D85B8E4E34BE9A24D9775 /* FontAwesome5_Solid.ttf */; };
		51B4B6DC57364499AAF3AA33 /* Roboto-Thin.ttf in Resources */ = {isa = PBXBuildFile; fileRef = 9B8EE363EF1B4E78AAC4CD92 /* Roboto-Thin.ttf */; };
		5866BF8B54C647FFB923353D /* EvilIcons.ttf in Resources */ = {isa = PBXBuildFile; fileRef = 293C767453B649E9A927D209 /* EvilIcons.ttf */; };
		5C75FC1AE9BF4C5995B04033 /* BungeeShade-Regular.ttf in Resources */ = {isa = PBXBuildFile; fileRef = CB4335E5676B45E290D19D73 /* BungeeShade-Regular.ttf */; };
		5D54C0114D8C4EBC80B478F9 /* icomoon.ttf in Resources */ = {isa = PBXBuildFile; fileRef = FE83581615504CA091A40461 /* icomoon.ttf */; };
		697A71D768E8473E980AE3C7 /* FontAwesome5_Regular.ttf in Resources */ = {isa = PBXBuildFile; fileRef = C0FE2EC154594B07A5B74558 /* FontAwesome5_Regular.ttf */; };
		7172AC25CD484B57B7157BB4 /* Fontisto.ttf in Resources */ = {isa = PBXBuildFile; fileRef = DCF6289A1E86460FA124AB15 /* Fontisto.ttf */; };
		724FAE8FEC184A3997783CC1 /* MaterialCommunityIcons.ttf in Resources */ = {isa = PBXBuildFile; fileRef = 8F1347654B40490893FC2AD9 /* MaterialCommunityIcons.ttf */; };
		7F61281339BF4708A32A5EE9 /* icomoon.svg in Resources */ = {isa = PBXBuildFile; fileRef = 9ECAF2D093034B048D5335B2 /* icomoon.svg */; };
		81AB9BB82411601600AC10FF /* LaunchScreen.storyboard in Resources */ = {isa = PBXBuildFile; fileRef = 81AB9BB72411601600AC10FF /* LaunchScreen.storyboard */; };
		85DD857AA54442EBAD8C482F /* Zocial.ttf in Resources */ = {isa = PBXBuildFile; fileRef = 4710165D1C7E4F42A4B9AAC7 /* Zocial.ttf */; };
		91FF90CD7B37403F89EE380C /* AntDesign.ttf in Resources */ = {isa = PBXBuildFile; fileRef = 9F6B047C350E4EA788EF0353 /* AntDesign.ttf */; };
		9F09C3094DC24147A83D16E1 /* FontAwesome.ttf in Resources */ = {isa = PBXBuildFile; fileRef = 8182B9087B56472BA930C1D5 /* FontAwesome.ttf */; };
		A939E35E627E42F88BF6D19A /* libPods-DemoProject-DemoProjectTests.a in Frameworks */ = {isa = PBXBuildFile; fileRef = 1BD91A8AA57F41DC72B5A791 /* libPods-DemoProject-DemoProjectTests.a */; };
		AFA146D4B19E434683EE2FC8 /* Octicons.ttf in Resources */ = {isa = PBXBuildFile; fileRef = 28F8AA52CA044C8597AAF240 /* Octicons.ttf */; };
		B0968BCF22044061BECF5B43 /* Entypo.ttf in Resources */ = {isa = PBXBuildFile; fileRef = 700B113CBD6A409C9D135509 /* Entypo.ttf */; };
		B1F5164C5B754941BFECC83D /* Roboto-Bold.ttf in Resources */ = {isa = PBXBuildFile; fileRef = 89F7689DBB7B4870A16F7D79 /* Roboto-Bold.ttf */; };
		C65442A4C96A4EC2A855C305 /* MaterialIcons.ttf in Resources */ = {isa = PBXBuildFile; fileRef = 6928EE2DA2874F56B630012A /* MaterialIcons.ttf */; };
		C6F39163FB414840B44316B1 /* Roboto-Black.ttf in Resources */ = {isa = PBXBuildFile; fileRef = DF97A66BB8C8478992EB8E5B /* Roboto-Black.ttf */; };
		D039BAB3A77C48D2A5CA3D48 /* LondrinaShadow-Regular.ttf in Resources */ = {isa = PBXBuildFile; fileRef = 556262469F624CBD965CBFBD /* LondrinaShadow-Regular.ttf */; };
		D6346FFA6F6741C4B8BC46BC /* FontAwesome5_Brands.ttf in Resources */ = {isa = PBXBuildFile; fileRef = FC96BFF3ED564DE8888B9B31 /* FontAwesome5_Brands.ttf */; };
		DB0CDAE0BF9549669024389D /* icomoon.woff in Resources */ = {isa = PBXBuildFile; fileRef = A26B23BA05E449D189CB5595 /* icomoon.woff */; };
		DDCC7C9B5AE7466CA303303D /* SimpleLineIcons.ttf in Resources */ = {isa = PBXBuildFile; fileRef = 687734D83CC24766B331F773 /* SimpleLineIcons.ttf */; };
		DF62068EC33548769C9A7EF2 /* Roboto-Medium.ttf in Resources */ = {isa = PBXBuildFile; fileRef = 8511E9DA9B3D4906A60517B8 /* Roboto-Medium.ttf */; };
		EB8F4D6F79C64510AACD68EC /* Ionicons.ttf in Resources */ = {isa = PBXBuildFile; fileRef = F70568B072494B40BE98B5BF /* Ionicons.ttf */; };
		EF29C7F381504E1BA826426B /* Parisienne-Regular.ttf in Resources */ = {isa = PBXBuildFile; fileRef = 8450FAC72F7942BE953AE54D /* Parisienne-Regular.ttf */; };
		F5CF509DECC14A73AB3B7B8E /* Roboto-Regular.ttf in Resources */ = {isa = PBXBuildFile; fileRef = DA1D22AA5AEF4818A081D281 /* Roboto-Regular.ttf */; };
		F832A9A00C88EFB567A34C4A /* libPods-DemoProject.a in Frameworks */ = {isa = PBXBuildFile; fileRef = 90B86CC2CC616CBCCA6A0727 /* libPods-DemoProject.a */; };
/* End PBXBuildFile section */

/* Begin PBXContainerItemProxy section */
		00E356F41AD99517003FC87E /* PBXContainerItemProxy */ = {
			isa = PBXContainerItemProxy;
			containerPortal = 83CBB9F71A601CBA00E9B192 /* Project object */;
			proxyType = 1;
			remoteGlobalIDString = 13B07F861A680F5B00A75B9A;
			remoteInfo = DemoProject;
		};
/* End PBXContainerItemProxy section */

/* Begin PBXFileReference section */
		00E356EE1AD99517003FC87E /* DemoProjectTests.xctest */ = {isa = PBXFileReference; explicitFileType = wrapper.cfbundle; includeInIndex = 0; path = DemoProjectTests.xctest; sourceTree = BUILT_PRODUCTS_DIR; };
		00E356F11AD99517003FC87E /* Info.plist */ = {isa = PBXFileReference; lastKnownFileType = text.plist.xml; path = Info.plist; sourceTree = "<group>"; };
		00E356F21AD99517003FC87E /* DemoProjectTests.m */ = {isa = PBXFileReference; lastKnownFileType = sourcecode.c.objc; path = DemoProjectTests.m; sourceTree = "<group>"; };
		13B07F961A680F5B00A75B9A /* DemoProject.app */ = {isa = PBXFileReference; explicitFileType = wrapper.application; includeInIndex = 0; path = DemoProject.app; sourceTree = BUILT_PRODUCTS_DIR; };
		13B07FAF1A68108700A75B9A /* AppDelegate.h */ = {isa = PBXFileReference; fileEncoding = 4; lastKnownFileType = sourcecode.c.h; name = AppDelegate.h; path = DemoProject/AppDelegate.h; sourceTree = "<group>"; };
		13B07FB01A68108700A75B9A /* AppDelegate.m */ = {isa = PBXFileReference; fileEncoding = 4; lastKnownFileType = sourcecode.c.objc; name = AppDelegate.m; path = DemoProject/AppDelegate.m; sourceTree = "<group>"; };
		13B07FB51A68108700A75B9A /* Images.xcassets */ = {isa = PBXFileReference; lastKnownFileType = folder.assetcatalog; name = Images.xcassets; path = DemoProject/Images.xcassets; sourceTree = "<group>"; };
		13B07FB61A68108700A75B9A /* Info.plist */ = {isa = PBXFileReference; fileEncoding = 4; lastKnownFileType = text.plist.xml; name = Info.plist; path = DemoProject/Info.plist; sourceTree = "<group>"; };
		13B07FB71A68108700A75B9A /* main.m */ = {isa = PBXFileReference; fileEncoding = 4; lastKnownFileType = sourcecode.c.objc; name = main.m; path = DemoProject/main.m; sourceTree = "<group>"; };
		1BD91A8AA57F41DC72B5A791 /* libPods-DemoProject-DemoProjectTests.a */ = {isa = PBXFileReference; explicitFileType = archive.ar; includeInIndex = 0; path = "libPods-DemoProject-DemoProjectTests.a"; sourceTree = BUILT_PRODUCTS_DIR; };
		28F8AA52CA044C8597AAF240 /* Octicons.ttf */ = {isa = PBXFileReference; explicitFileType = undefined; fileEncoding = undefined; includeInIndex = 0; lastKnownFileType = unknown; name = Octicons.ttf; path = "../node_modules/react-native-vector-icons/Fonts/Octicons.ttf"; sourceTree = "<group>"; };
		293C767453B649E9A927D209 /* EvilIcons.ttf */ = {isa = PBXFileReference; explicitFileType = undefined; fileEncoding = undefined; includeInIndex = 0; lastKnownFileType = unknown; name = EvilIcons.ttf; path = "../node_modules/react-native-vector-icons/Fonts/EvilIcons.ttf"; sourceTree = "<group>"; };
		2CDAFFFC803A8FB71E7B1701 /* Pods-DemoProject.debug.xcconfig */ = {isa = PBXFileReference; includeInIndex = 1; lastKnownFileType = text.xcconfig; name = "Pods-DemoProject.debug.xcconfig"; path = "Target Support Files/Pods-DemoProject/Pods-DemoProject.debug.xcconfig"; sourceTree = "<group>"; };
		2E2D85B8E4E34BE9A24D9775 /* FontAwesome5_Solid.ttf */ = {isa = PBXFileReference; explicitFileType = undefined; fileEncoding = undefined; includeInIndex = 0; lastKnownFileType = unknown; name = FontAwesome5_Solid.ttf; path = "../node_modules/react-native-vector-icons/Fonts/FontAwesome5_Solid.ttf"; sourceTree = "<group>"; };
		4710165D1C7E4F42A4B9AAC7 /* Zocial.ttf */ = {isa = PBXFileReference; explicitFileType = undefined; fileEncoding = undefined; includeInIndex = 0; lastKnownFileType = unknown; name = Zocial.ttf; path = "../node_modules/react-native-vector-icons/Fonts/Zocial.ttf"; sourceTree = "<group>"; };
		556262469F624CBD965CBFBD /* LondrinaShadow-Regular.ttf */ = {isa = PBXFileReference; explicitFileType = undefined; fileEncoding = undefined; includeInIndex = 0; lastKnownFileType = unknown; name = "LondrinaShadow-Regular.ttf"; path = "../src/assets/fonts/Londrina_Shadow/LondrinaShadow-Regular.ttf"; sourceTree = "<group>"; };
		687734D83CC24766B331F773 /* SimpleLineIcons.ttf */ = {isa = PBXFileReference; explicitFileType = undefined; fileEncoding = undefined; includeInIndex = 0; lastKnownFileType = unknown; name = SimpleLineIcons.ttf; path = "../node_modules/react-native-vector-icons/Fonts/SimpleLineIcons.ttf"; sourceTree = "<group>"; };
		6928EE2DA2874F56B630012A /* MaterialIcons.ttf */ = {isa = PBXFileReference; explicitFileType = undefined; fileEncoding = undefined; includeInIndex = 0; lastKnownFileType = unknown; name = MaterialIcons.ttf; path = "../node_modules/react-native-vector-icons/Fonts/MaterialIcons.ttf"; sourceTree = "<group>"; };
		6B525D9D7C7C4F14B825E78E /* BerkshireSwash-Regular.ttf */ = {isa = PBXFileReference; explicitFileType = undefined; fileEncoding = undefined; includeInIndex = 0; lastKnownFileType = unknown; name = "BerkshireSwash-Regular.ttf"; path = "../src/assets/fonts/Berkshire_Swash/BerkshireSwash-Regular.ttf"; sourceTree = "<group>"; };
		700B113CBD6A409C9D135509 /* Entypo.ttf */ = {isa = PBXFileReference; explicitFileType = undefined; fileEncoding = undefined; includeInIndex = 0; lastKnownFileType = unknown; name = Entypo.ttf; path = "../node_modules/react-native-vector-icons/Fonts/Entypo.ttf"; sourceTree = "<group>"; };
		8182B9087B56472BA930C1D5 /* FontAwesome.ttf */ = {isa = PBXFileReference; explicitFileType = undefined; fileEncoding = undefined; includeInIndex = 0; lastKnownFileType = unknown; name = FontAwesome.ttf; path = "../node_modules/react-native-vector-icons/Fonts/FontAwesome.ttf"; sourceTree = "<group>"; };
		81AB9BB72411601600AC10FF /* LaunchScreen.storyboard */ = {isa = PBXFileReference; fileEncoding = 4; lastKnownFileType = file.storyboard; name = LaunchScreen.storyboard; path = DemoProject/LaunchScreen.storyboard; sourceTree = "<group>"; };
		8450FAC72F7942BE953AE54D /* Parisienne-Regular.ttf */ = {isa = PBXFileReference; explicitFileType = undefined; fileEncoding = undefined; includeInIndex = 0; lastKnownFileType = unknown; name = "Parisienne-Regular.ttf"; path = "../src/assets/fonts/Parisienne/Parisienne-Regular.ttf"; sourceTree = "<group>"; };
		8511E9DA9B3D4906A60517B8 /* Roboto-Medium.ttf */ = {isa = PBXFileReference; explicitFileType = undefined; fileEncoding = undefined; includeInIndex = 0; lastKnownFileType = unknown; name = "Roboto-Medium.ttf"; path = "../src/assets/fonts/Roboto/Roboto-Medium.ttf"; sourceTree = "<group>"; };
		89F7689DBB7B4870A16F7D79 /* Roboto-Bold.ttf */ = {isa = PBXFileReference; explicitFileType = undefined; fileEncoding = undefined; includeInIndex = 0; lastKnownFileType = unknown; name = "Roboto-Bold.ttf"; path = "../src/assets/fonts/Roboto/Roboto-Bold.ttf"; sourceTree = "<group>"; };
		8F1347654B40490893FC2AD9 /* MaterialCommunityIcons.ttf */ = {isa = PBXFileReference; explicitFileType = undefined; fileEncoding = undefined; includeInIndex = 0; lastKnownFileType = unknown; name = MaterialCommunityIcons.ttf; path = "../node_modules/react-native-vector-icons/Fonts/MaterialCommunityIcons.ttf"; sourceTree = "<group>"; };
		90B86CC2CC616CBCCA6A0727 /* libPods-DemoProject.a */ = {isa = PBXFileReference; explicitFileType = archive.ar; includeInIndex = 0; path = "libPods-DemoProject.a"; sourceTree = BUILT_PRODUCTS_DIR; };
		91E32C56674D4D39BFFDC1D4 /* Foundation.ttf */ = {isa = PBXFileReference; explicitFileType = undefined; fileEncoding = undefined; includeInIndex = 0; lastKnownFileType = unknown; name = Foundation.ttf; path = "../node_modules/react-native-vector-icons/Fonts/Foundation.ttf"; sourceTree = "<group>"; };
		9B8EE363EF1B4E78AAC4CD92 /* Roboto-Thin.ttf */ = {isa = PBXFileReference; explicitFileType = undefined; fileEncoding = undefined; includeInIndex = 0; lastKnownFileType = unknown; name = "Roboto-Thin.ttf"; path = "../src/assets/fonts/Roboto/Roboto-Thin.ttf"; sourceTree = "<group>"; };
		9ECAF2D093034B048D5335B2 /* icomoon.svg */ = {isa = PBXFileReference; explicitFileType = undefined; fileEncoding = undefined; includeInIndex = 0; lastKnownFileType = unknown; name = icomoon.svg; path = ../src/assets/fonts/icomoon/icomoon.svg; sourceTree = "<group>"; };
		9F6B047C350E4EA788EF0353 /* AntDesign.ttf */ = {isa = PBXFileReference; explicitFileType = undefined; fileEncoding = undefined; includeInIndex = 0; lastKnownFileType = unknown; name = AntDesign.ttf; path = "../node_modules/react-native-vector-icons/Fonts/AntDesign.ttf"; sourceTree = "<group>"; };
		A26B23BA05E449D189CB5595 /* icomoon.woff */ = {isa = PBXFileReference; explicitFileType = undefined; fileEncoding = undefined; includeInIndex = 0; lastKnownFileType = unknown; name = icomoon.woff; path = ../src/assets/fonts/icomoon/icomoon.woff; sourceTree = "<group>"; };
		BED8F01C09B16EAB920AD417 /* Pods-DemoProject-DemoProjectTests.debug.xcconfig */ = {isa = PBXFileReference; includeInIndex = 1; lastKnownFileType = text.xcconfig; name = "Pods-DemoProject-DemoProjectTests.debug.xcconfig"; path = "Target Support Files/Pods-DemoProject-DemoProjectTests/Pods-DemoProject-DemoProjectTests.debug.xcconfig"; sourceTree = "<group>"; };
		C0FE2EC154594B07A5B74558 /* FontAwesome5_Regular.ttf */ = {isa = PBXFileReference; explicitFileType = undefined; fileEncoding = undefined; includeInIndex = 0; lastKnownFileType = unknown; name = FontAwesome5_Regular.ttf; path = "../node_modules/react-native-vector-icons/Fonts/FontAwesome5_Regular.ttf"; sourceTree = "<group>"; };
		CB4335E5676B45E290D19D73 /* BungeeShade-Regular.ttf */ = {isa = PBXFileReference; explicitFileType = undefined; fileEncoding = undefined; includeInIndex = 0; lastKnownFileType = unknown; name = "BungeeShade-Regular.ttf"; path = "../src/assets/fonts/Bungee_Shade/BungeeShade-Regular.ttf"; sourceTree = "<group>"; };
		DA1D22AA5AEF4818A081D281 /* Roboto-Regular.ttf */ = {isa = PBXFileReference; explicitFileType = undefined; fileEncoding = undefined; includeInIndex = 0; lastKnownFileType = unknown; name = "Roboto-Regular.ttf"; path = "../src/assets/fonts/Roboto/Roboto-Regular.ttf"; sourceTree = "<group>"; };
		DAE15898D6224362875D4184 /* Monoton-Regular.ttf */ = {isa = PBXFileReference; explicitFileType = undefined; fileEncoding = undefined; includeInIndex = 0; lastKnownFileType = unknown; name = "Monoton-Regular.ttf"; path = "../src/assets/fonts/Monoton/Monoton-Regular.ttf"; sourceTree = "<group>"; };
		DB7B4AE4CE09476B9428F869 /* Roboto-Light.ttf */ = {isa = PBXFileReference; explicitFileType = undefined; fileEncoding = undefined; includeInIndex = 0; lastKnownFileType = unknown; name = "Roboto-Light.ttf"; path = "../src/assets/fonts/Roboto/Roboto-Light.ttf"; sourceTree = "<group>"; };
		DCF6289A1E86460FA124AB15 /* Fontisto.ttf */ = {isa = PBXFileReference; explicitFileType = undefined; fileEncoding = undefined; includeInIndex = 0; lastKnownFileType = unknown; name = Fontisto.ttf; path = "../node_modules/react-native-vector-icons/Fonts/Fontisto.ttf"; sourceTree = "<group>"; };
		DF97A66BB8C8478992EB8E5B /* Roboto-Black.ttf */ = {isa = PBXFileReference; explicitFileType = undefined; fileEncoding = undefined; includeInIndex = 0; lastKnownFileType = unknown; name = "Roboto-Black.ttf"; path = "../src/assets/fonts/Roboto/Roboto-Black.ttf"; sourceTree = "<group>"; };
		EC1990B3293FEBF261404322 /* Pods-DemoProject.release.xcconfig */ = {isa = PBXFileReference; includeInIndex = 1; lastKnownFileType = text.xcconfig; name = "Pods-DemoProject.release.xcconfig"; path = "Target Support Files/Pods-DemoProject/Pods-DemoProject.release.xcconfig"; sourceTree = "<group>"; };
		ED297162215061F000B7C4FE /* JavaScriptCore.framework */ = {isa = PBXFileReference; lastKnownFileType = wrapper.framework; name = JavaScriptCore.framework; path = System/Library/Frameworks/JavaScriptCore.framework; sourceTree = SDKROOT; };
		F54C944F1CFF463CB8B39000 /* Feather.ttf */ = {isa = PBXFileReference; explicitFileType = undefined; fileEncoding = undefined; includeInIndex = 0; lastKnownFileType = unknown; name = Feather.ttf; path = "../node_modules/react-native-vector-icons/Fonts/Feather.ttf"; sourceTree = "<group>"; };
		F70568B072494B40BE98B5BF /* Ionicons.ttf */ = {isa = PBXFileReference; explicitFileType = undefined; fileEncoding = undefined; includeInIndex = 0; lastKnownFileType = unknown; name = Ionicons.ttf; path = "../node_modules/react-native-vector-icons/Fonts/Ionicons.ttf"; sourceTree = "<group>"; };
		FC96BFF3ED564DE8888B9B31 /* FontAwesome5_Brands.ttf */ = {isa = PBXFileReference; explicitFileType = undefined; fileEncoding = undefined; includeInIndex = 0; lastKnownFileType = unknown; name = FontAwesome5_Brands.ttf; path = "../node_modules/react-native-vector-icons/Fonts/FontAwesome5_Brands.ttf"; sourceTree = "<group>"; };
		FE32BFD45248FC11B0B32DB3 /* Pods-DemoProject-DemoProjectTests.release.xcconfig */ = {isa = PBXFileReference; includeInIndex = 1; lastKnownFileType = text.xcconfig; name = "Pods-DemoProject-DemoProjectTests.release.xcconfig"; path = "Target Support Files/Pods-DemoProject-DemoProjectTests/Pods-DemoProject-DemoProjectTests.release.xcconfig"; sourceTree = "<group>"; };
		FE83581615504CA091A40461 /* icomoon.ttf */ = {isa = PBXFileReference; explicitFileType = undefined; fileEncoding = undefined; includeInIndex = 0; lastKnownFileType = unknown; name = icomoon.ttf; path = ../src/assets/fonts/icomoon/icomoon.ttf; sourceTree = "<group>"; };
/* End PBXFileReference section */

/* Begin PBXFrameworksBuildPhase section */
		00E356EB1AD99517003FC87E /* Frameworks */ = {
			isa = PBXFrameworksBuildPhase;
			buildActionMask = 2147483647;
			files = (
				A939E35E627E42F88BF6D19A /* libPods-DemoProject-DemoProjectTests.a in Frameworks */,
			);
			runOnlyForDeploymentPostprocessing = 0;
		};
		13B07F8C1A680F5B00A75B9A /* Frameworks */ = {
			isa = PBXFrameworksBuildPhase;
			buildActionMask = 2147483647;
			files = (
				F832A9A00C88EFB567A34C4A /* libPods-DemoProject.a in Frameworks */,
			);
			runOnlyForDeploymentPostprocessing = 0;
		};
/* End PBXFrameworksBuildPhase section */

/* Begin PBXGroup section */
		00E356EF1AD99517003FC87E /* DemoProjectTests */ = {
			isa = PBXGroup;
			children = (
				00E356F21AD99517003FC87E /* DemoProjectTests.m */,
				00E356F01AD99517003FC87E /* Supporting Files */,
			);
			path = DemoProjectTests;
			sourceTree = "<group>";
		};
		00E356F01AD99517003FC87E /* Supporting Files */ = {
			isa = PBXGroup;
			children = (
				00E356F11AD99517003FC87E /* Info.plist */,
			);
			name = "Supporting Files";
			sourceTree = "<group>";
		};
		13B07FAE1A68108700A75B9A /* DemoProject */ = {
			isa = PBXGroup;
			children = (
				13B07FAF1A68108700A75B9A /* AppDelegate.h */,
				13B07FB01A68108700A75B9A /* AppDelegate.m */,
				13B07FB51A68108700A75B9A /* Images.xcassets */,
				13B07FB61A68108700A75B9A /* Info.plist */,
				81AB9BB72411601600AC10FF /* LaunchScreen.storyboard */,
				13B07FB71A68108700A75B9A /* main.m */,
			);
			name = DemoProject;
			sourceTree = "<group>";
		};
		2D16E6871FA4F8E400B85C8A /* Frameworks */ = {
			isa = PBXGroup;
			children = (
				ED297162215061F000B7C4FE /* JavaScriptCore.framework */,
				90B86CC2CC616CBCCA6A0727 /* libPods-DemoProject.a */,
				1BD91A8AA57F41DC72B5A791 /* libPods-DemoProject-DemoProjectTests.a */,
			);
			name = Frameworks;
			sourceTree = "<group>";
		};
		832341AE1AAA6A7D00B99B32 /* Libraries */ = {
			isa = PBXGroup;
			children = (
			);
			name = Libraries;
			sourceTree = "<group>";
		};
		83CBB9F61A601CBA00E9B192 = {
			isa = PBXGroup;
			children = (
				13B07FAE1A68108700A75B9A /* DemoProject */,
				832341AE1AAA6A7D00B99B32 /* Libraries */,
				00E356EF1AD99517003FC87E /* DemoProjectTests */,
				83CBBA001A601CBA00E9B192 /* Products */,
				2D16E6871FA4F8E400B85C8A /* Frameworks */,
				B98B413DDDA1BFA6E2FC5A8A /* Pods */,
				E4E1B8AC49054363A23A8D84 /* Resources */,
			);
			indentWidth = 2;
			sourceTree = "<group>";
			tabWidth = 2;
			usesTabs = 0;
		};
		83CBBA001A601CBA00E9B192 /* Products */ = {
			isa = PBXGroup;
			children = (
				13B07F961A680F5B00A75B9A /* DemoProject.app */,
				00E356EE1AD99517003FC87E /* DemoProjectTests.xctest */,
			);
			name = Products;
			sourceTree = "<group>";
		};
		B98B413DDDA1BFA6E2FC5A8A /* Pods */ = {
			isa = PBXGroup;
			children = (
				2CDAFFFC803A8FB71E7B1701 /* Pods-DemoProject.debug.xcconfig */,
				EC1990B3293FEBF261404322 /* Pods-DemoProject.release.xcconfig */,
				BED8F01C09B16EAB920AD417 /* Pods-DemoProject-DemoProjectTests.debug.xcconfig */,
				FE32BFD45248FC11B0B32DB3 /* Pods-DemoProject-DemoProjectTests.release.xcconfig */,
			);
			name = Pods;
			path = Pods;
			sourceTree = "<group>";
		};
		E4E1B8AC49054363A23A8D84 /* Resources */ = {
			isa = PBXGroup;
			children = (
				9ECAF2D093034B048D5335B2 /* icomoon.svg */,
				6B525D9D7C7C4F14B825E78E /* BerkshireSwash-Regular.ttf */,
				CB4335E5676B45E290D19D73 /* BungeeShade-Regular.ttf */,
				FE83581615504CA091A40461 /* icomoon.ttf */,
				A26B23BA05E449D189CB5595 /* icomoon.woff */,
				556262469F624CBD965CBFBD /* LondrinaShadow-Regular.ttf */,
				DAE15898D6224362875D4184 /* Monoton-Regular.ttf */,
				8450FAC72F7942BE953AE54D /* Parisienne-Regular.ttf */,
				DF97A66BB8C8478992EB8E5B /* Roboto-Black.ttf */,
				89F7689DBB7B4870A16F7D79 /* Roboto-Bold.ttf */,
				DB7B4AE4CE09476B9428F869 /* Roboto-Light.ttf */,
				8511E9DA9B3D4906A60517B8 /* Roboto-Medium.ttf */,
				DA1D22AA5AEF4818A081D281 /* Roboto-Regular.ttf */,
				9B8EE363EF1B4E78AAC4CD92 /* Roboto-Thin.ttf */,
				9F6B047C350E4EA788EF0353 /* AntDesign.ttf */,
				700B113CBD6A409C9D135509 /* Entypo.ttf */,
				293C767453B649E9A927D209 /* EvilIcons.ttf */,
				F54C944F1CFF463CB8B39000 /* Feather.ttf */,
				8182B9087B56472BA930C1D5 /* FontAwesome.ttf */,
				FC96BFF3ED564DE8888B9B31 /* FontAwesome5_Brands.ttf */,
				C0FE2EC154594B07A5B74558 /* FontAwesome5_Regular.ttf */,
				2E2D85B8E4E34BE9A24D9775 /* FontAwesome5_Solid.ttf */,
				DCF6289A1E86460FA124AB15 /* Fontisto.ttf */,
				91E32C56674D4D39BFFDC1D4 /* Foundation.ttf */,
				F70568B072494B40BE98B5BF /* Ionicons.ttf */,
				8F1347654B40490893FC2AD9 /* MaterialCommunityIcons.ttf */,
				6928EE2DA2874F56B630012A /* MaterialIcons.ttf */,
				28F8AA52CA044C8597AAF240 /* Octicons.ttf */,
				687734D83CC24766B331F773 /* SimpleLineIcons.ttf */,
				4710165D1C7E4F42A4B9AAC7 /* Zocial.ttf */,
			);
			name = Resources;
			path = "";
			sourceTree = "<group>";
		};
/* End PBXGroup section */

/* Begin PBXNativeTarget section */
		00E356ED1AD99517003FC87E /* DemoProjectTests */ = {
			isa = PBXNativeTarget;
			buildConfigurationList = 00E357021AD99517003FC87E /* Build configuration list for PBXNativeTarget "DemoProjectTests" */;
			buildPhases = (
				402B6037B874418BD6FD2F86 /* [CP] Check Pods Manifest.lock */,
				00E356EA1AD99517003FC87E /* Sources */,
				00E356EB1AD99517003FC87E /* Frameworks */,
				00E356EC1AD99517003FC87E /* Resources */,
				9F2B0322FBE42100E2B45556 /* [CP] Embed Pods Frameworks */,
				7B600E128BEE0C106F210240 /* [CP] Copy Pods Resources */,
			);
			buildRules = (
			);
			dependencies = (
				00E356F51AD99517003FC87E /* PBXTargetDependency */,
			);
			name = DemoProjectTests;
			productName = DemoProjectTests;
			productReference = 00E356EE1AD99517003FC87E /* DemoProjectTests.xctest */;
			productType = "com.apple.product-type.bundle.unit-test";
		};
		13B07F861A680F5B00A75B9A /* DemoProject */ = {
			isa = PBXNativeTarget;
			buildConfigurationList = 13B07F931A680F5B00A75B9A /* Build configuration list for PBXNativeTarget "DemoProject" */;
			buildPhases = (
				3860456F6580C181683F8508 /* [CP] Check Pods Manifest.lock */,
				FD10A7F022414F080027D42C /* Start Packager */,
				13B07F871A680F5B00A75B9A /* Sources */,
				13B07F8C1A680F5B00A75B9A /* Frameworks */,
				13B07F8E1A680F5B00A75B9A /* Resources */,
				00DD1BFF1BD5951E006B06BC /* Bundle React Native code and images */,
				A1876912FA2D30B2A86014FA /* [CP] Embed Pods Frameworks */,
				94CC6AB8739758F8CEEC6D8C /* [CP] Copy Pods Resources */,
			);
			buildRules = (
			);
			dependencies = (
			);
			name = DemoProject;
			productName = DemoProject;
			productReference = 13B07F961A680F5B00A75B9A /* DemoProject.app */;
			productType = "com.apple.product-type.application";
		};
/* End PBXNativeTarget section */

/* Begin PBXProject section */
		83CBB9F71A601CBA00E9B192 /* Project object */ = {
			isa = PBXProject;
			attributes = {
				LastUpgradeCheck = 1210;
				TargetAttributes = {
					00E356ED1AD99517003FC87E = {
						CreatedOnToolsVersion = 6.2;
						TestTargetID = 13B07F861A680F5B00A75B9A;
					};
					13B07F861A680F5B00A75B9A = {
						LastSwiftMigration = 1120;
					};
				};
			};
			buildConfigurationList = 83CBB9FA1A601CBA00E9B192 /* Build configuration list for PBXProject "DemoProject" */;
			compatibilityVersion = "Xcode 12.0";
			developmentRegion = en;
			hasScannedForEncodings = 0;
			knownRegions = (
				en,
				Base,
			);
			mainGroup = 83CBB9F61A601CBA00E9B192;
			productRefGroup = 83CBBA001A601CBA00E9B192 /* Products */;
			projectDirPath = "";
			projectRoot = "";
			targets = (
				13B07F861A680F5B00A75B9A /* DemoProject */,
				00E356ED1AD99517003FC87E /* DemoProjectTests */,
			);
		};
/* End PBXProject section */

/* Begin PBXResourcesBuildPhase section */
		00E356EC1AD99517003FC87E /* Resources */ = {
			isa = PBXResourcesBuildPhase;
			buildActionMask = 2147483647;
			files = (
			);
			runOnlyForDeploymentPostprocessing = 0;
		};
		13B07F8E1A680F5B00A75B9A /* Resources */ = {
			isa = PBXResourcesBuildPhase;
			buildActionMask = 2147483647;
			files = (
				81AB9BB82411601600AC10FF /* LaunchScreen.storyboard in Resources */,
				13B07FBF1A68108700A75B9A /* Images.xcassets in Resources */,
				7F61281339BF4708A32A5EE9 /* icomoon.svg in Resources */,
				0A2005AFEA794366BB5473DC /* BerkshireSwash-Regular.ttf in Resources */,
				5C75FC1AE9BF4C5995B04033 /* BungeeShade-Regular.ttf in Resources */,
				5D54C0114D8C4EBC80B478F9 /* icomoon.ttf in Resources */,
				DB0CDAE0BF9549669024389D /* icomoon.woff in Resources */,
				D039BAB3A77C48D2A5CA3D48 /* LondrinaShadow-Regular.ttf in Resources */,
				0FD5EC7D068844B3A2919204 /* Monoton-Regular.ttf in Resources */,
				EF29C7F381504E1BA826426B /* Parisienne-Regular.ttf in Resources */,
				C6F39163FB414840B44316B1 /* Roboto-Black.ttf in Resources */,
				B1F5164C5B754941BFECC83D /* Roboto-Bold.ttf in Resources */,
				2BC9FC509DFD4744ACDFD7B1 /* Roboto-Light.ttf in Resources */,
				DF62068EC33548769C9A7EF2 /* Roboto-Medium.ttf in Resources */,
				F5CF509DECC14A73AB3B7B8E /* Roboto-Regular.ttf in Resources */,
				51B4B6DC57364499AAF3AA33 /* Roboto-Thin.ttf in Resources */,
				91FF90CD7B37403F89EE380C /* AntDesign.ttf in Resources */,
				B0968BCF22044061BECF5B43 /* Entypo.ttf in Resources */,
				5866BF8B54C647FFB923353D /* EvilIcons.ttf in Resources */,
				03BE7AA51FB84481B7D0E368 /* Feather.ttf in Resources */,
				9F09C3094DC24147A83D16E1 /* FontAwesome.ttf in Resources */,
				D6346FFA6F6741C4B8BC46BC /* FontAwesome5_Brands.ttf in Resources */,
				697A71D768E8473E980AE3C7 /* FontAwesome5_Regular.ttf in Resources */,
				4330723BE4C442D2856ED336 /* FontAwesome5_Solid.ttf in Resources */,
				7172AC25CD484B57B7157BB4 /* Fontisto.ttf in Resources */,
				11442DCC589D457CB5C545D6 /* Foundation.ttf in Resources */,
				EB8F4D6F79C64510AACD68EC /* Ionicons.ttf in Resources */,
				724FAE8FEC184A3997783CC1 /* MaterialCommunityIcons.ttf in Resources */,
				C65442A4C96A4EC2A855C305 /* MaterialIcons.ttf in Resources */,
				AFA146D4B19E434683EE2FC8 /* Octicons.ttf in Resources */,
				DDCC7C9B5AE7466CA303303D /* SimpleLineIcons.ttf in Resources */,
				85DD857AA54442EBAD8C482F /* Zocial.ttf in Resources */,
			);
			runOnlyForDeploymentPostprocessing = 0;
		};
/* End PBXResourcesBuildPhase section */

/* Begin PBXShellScriptBuildPhase section */
		00DD1BFF1BD5951E006B06BC /* Bundle React Native code and images */ = {
			isa = PBXShellScriptBuildPhase;
			buildActionMask = 2147483647;
			files = (
			);
			inputPaths = (
			);
			name = "Bundle React Native code and images";
			outputPaths = (
			);
			runOnlyForDeploymentPostprocessing = 0;
			shellPath = /bin/sh;
			shellScript = "set -e\n\nexport NODE_BINARY=node\n../node_modules/react-native/scripts/react-native-xcode.sh\n";
		};
		3860456F6580C181683F8508 /* [CP] Check Pods Manifest.lock */ = {
			isa = PBXShellScriptBuildPhase;
			buildActionMask = 2147483647;
			files = (
			);
			inputFileListPaths = (
			);
			inputPaths = (
				"${PODS_PODFILE_DIR_PATH}/Podfile.lock",
				"${PODS_ROOT}/Manifest.lock",
			);
			name = "[CP] Check Pods Manifest.lock";
			outputFileListPaths = (
			);
			outputPaths = (
				"$(DERIVED_FILE_DIR)/Pods-DemoProject-checkManifestLockResult.txt",
			);
			runOnlyForDeploymentPostprocessing = 0;
			shellPath = /bin/sh;
			shellScript = "diff \"${PODS_PODFILE_DIR_PATH}/Podfile.lock\" \"${PODS_ROOT}/Manifest.lock\" > /dev/null\nif [ $? != 0 ] ; then\n    # print error to STDERR\n    echo \"error: The sandbox is not in sync with the Podfile.lock. Run 'pod install' or update your CocoaPods installation.\" >&2\n    exit 1\nfi\n# This output is used by Xcode 'outputs' to avoid re-running this script phase.\necho \"SUCCESS\" > \"${SCRIPT_OUTPUT_FILE_0}\"\n";
			showEnvVarsInLog = 0;
		};
		402B6037B874418BD6FD2F86 /* [CP] Check Pods Manifest.lock */ = {
			isa = PBXShellScriptBuildPhase;
			buildActionMask = 2147483647;
			files = (
			);
			inputFileListPaths = (
			);
			inputPaths = (
				"${PODS_PODFILE_DIR_PATH}/Podfile.lock",
				"${PODS_ROOT}/Manifest.lock",
			);
			name = "[CP] Check Pods Manifest.lock";
			outputFileListPaths = (
			);
			outputPaths = (
				"$(DERIVED_FILE_DIR)/Pods-DemoProject-DemoProjectTests-checkManifestLockResult.txt",
			);
			runOnlyForDeploymentPostprocessing = 0;
			shellPath = /bin/sh;
			shellScript = "diff \"${PODS_PODFILE_DIR_PATH}/Podfile.lock\" \"${PODS_ROOT}/Manifest.lock\" > /dev/null\nif [ $? != 0 ] ; then\n    # print error to STDERR\n    echo \"error: The sandbox is not in sync with the Podfile.lock. Run 'pod install' or update your CocoaPods installation.\" >&2\n    exit 1\nfi\n# This output is used by Xcode 'outputs' to avoid re-running this script phase.\necho \"SUCCESS\" > \"${SCRIPT_OUTPUT_FILE_0}\"\n";
			showEnvVarsInLog = 0;
		};
		7B600E128BEE0C106F210240 /* [CP] Copy Pods Resources */ = {
			isa = PBXShellScriptBuildPhase;
			buildActionMask = 2147483647;
			files = (
			);
			inputFileListPaths = (
				"${PODS_ROOT}/Target Support Files/Pods-DemoProject-DemoProjectTests/Pods-DemoProject-DemoProjectTests-resources-${CONFIGURATION}-input-files.xcfilelist",
			);
			name = "[CP] Copy Pods Resources";
			outputFileListPaths = (
				"${PODS_ROOT}/Target Support Files/Pods-DemoProject-DemoProjectTests/Pods-DemoProject-DemoProjectTests-resources-${CONFIGURATION}-output-files.xcfilelist",
			);
			runOnlyForDeploymentPostprocessing = 0;
			shellPath = /bin/sh;
			shellScript = "\"${PODS_ROOT}/Target Support Files/Pods-DemoProject-DemoProjectTests/Pods-DemoProject-DemoProjectTests-resources.sh\"\n";
			showEnvVarsInLog = 0;
		};
		94CC6AB8739758F8CEEC6D8C /* [CP] Copy Pods Resources */ = {
			isa = PBXShellScriptBuildPhase;
			buildActionMask = 2147483647;
			files = (
			);
			inputFileListPaths = (
				"${PODS_ROOT}/Target Support Files/Pods-DemoProject/Pods-DemoProject-resources-${CONFIGURATION}-input-files.xcfilelist",
			);
			name = "[CP] Copy Pods Resources";
			outputFileListPaths = (
				"${PODS_ROOT}/Target Support Files/Pods-DemoProject/Pods-DemoProject-resources-${CONFIGURATION}-output-files.xcfilelist",
			);
			runOnlyForDeploymentPostprocessing = 0;
			shellPath = /bin/sh;
			shellScript = "\"${PODS_ROOT}/Target Support Files/Pods-DemoProject/Pods-DemoProject-resources.sh\"\n";
			showEnvVarsInLog = 0;
		};
		9F2B0322FBE42100E2B45556 /* [CP] Embed Pods Frameworks */ = {
			isa = PBXShellScriptBuildPhase;
			buildActionMask = 2147483647;
			files = (
			);
			inputFileListPaths = (
				"${PODS_ROOT}/Target Support Files/Pods-DemoProject-DemoProjectTests/Pods-DemoProject-DemoProjectTests-frameworks-${CONFIGURATION}-input-files.xcfilelist",
			);
			name = "[CP] Embed Pods Frameworks";
			outputFileListPaths = (
				"${PODS_ROOT}/Target Support Files/Pods-DemoProject-DemoProjectTests/Pods-DemoProject-DemoProjectTests-frameworks-${CONFIGURATION}-output-files.xcfilelist",
			);
			runOnlyForDeploymentPostprocessing = 0;
			shellPath = /bin/sh;
			shellScript = "\"${PODS_ROOT}/Target Support Files/Pods-DemoProject-DemoProjectTests/Pods-DemoProject-DemoProjectTests-frameworks.sh\"\n";
			showEnvVarsInLog = 0;
		};
		A1876912FA2D30B2A86014FA /* [CP] Embed Pods Frameworks */ = {
			isa = PBXShellScriptBuildPhase;
			buildActionMask = 2147483647;
			files = (
			);
			inputFileListPaths = (
				"${PODS_ROOT}/Target Support Files/Pods-DemoProject/Pods-DemoProject-frameworks-${CONFIGURATION}-input-files.xcfilelist",
			);
			name = "[CP] Embed Pods Frameworks";
			outputFileListPaths = (
				"${PODS_ROOT}/Target Support Files/Pods-DemoProject/Pods-DemoProject-frameworks-${CONFIGURATION}-output-files.xcfilelist",
			);
			runOnlyForDeploymentPostprocessing = 0;
			shellPath = /bin/sh;
			shellScript = "\"${PODS_ROOT}/Target Support Files/Pods-DemoProject/Pods-DemoProject-frameworks.sh\"\n";
			showEnvVarsInLog = 0;
		};
		FD10A7F022414F080027D42C /* Start Packager */ = {
			isa = PBXShellScriptBuildPhase;
			buildActionMask = 2147483647;
			files = (
			);
			inputFileListPaths = (
			);
			inputPaths = (
			);
			name = "Start Packager";
			outputFileListPaths = (
			);
			outputPaths = (
			);
			runOnlyForDeploymentPostprocessing = 0;
			shellPath = /bin/sh;
			shellScript = "export RCT_METRO_PORT=\"${RCT_METRO_PORT:=8081}\"\necho \"export RCT_METRO_PORT=${RCT_METRO_PORT}\" > \"${SRCROOT}/../node_modules/react-native/scripts/.packager.env\"\nif [ -z \"${RCT_NO_LAUNCH_PACKAGER+xxx}\" ] ; then\n  if nc -w 5 -z localhost ${RCT_METRO_PORT} ; then\n    if ! curl -s \"http://localhost:${RCT_METRO_PORT}/status\" | grep -q \"packager-status:running\" ; then\n      echo \"Port ${RCT_METRO_PORT} already in use, packager is either not running or not running correctly\"\n      exit 2\n    fi\n  else\n    open \"$SRCROOT/../node_modules/react-native/scripts/launchPackager.command\" || echo \"Can't start packager automatically\"\n  fi\nfi\n";
			showEnvVarsInLog = 0;
		};
/* End PBXShellScriptBuildPhase section */

/* Begin PBXSourcesBuildPhase section */
		00E356EA1AD99517003FC87E /* Sources */ = {
			isa = PBXSourcesBuildPhase;
			buildActionMask = 2147483647;
			files = (
				00E356F31AD99517003FC87E /* DemoProjectTests.m in Sources */,
			);
			runOnlyForDeploymentPostprocessing = 0;
		};
		13B07F871A680F5B00A75B9A /* Sources */ = {
			isa = PBXSourcesBuildPhase;
			buildActionMask = 2147483647;
			files = (
				13B07FBC1A68108700A75B9A /* AppDelegate.m in Sources */,
				13B07FC11A68108700A75B9A /* main.m in Sources */,
			);
			runOnlyForDeploymentPostprocessing = 0;
		};
/* End PBXSourcesBuildPhase section */

/* Begin PBXTargetDependency section */
		00E356F51AD99517003FC87E /* PBXTargetDependency */ = {
			isa = PBXTargetDependency;
			target = 13B07F861A680F5B00A75B9A /* DemoProject */;
			targetProxy = 00E356F41AD99517003FC87E /* PBXContainerItemProxy */;
		};
/* End PBXTargetDependency section */

/* Begin XCBuildConfiguration section */
		00E356F61AD99517003FC87E /* Debug */ = {
			isa = XCBuildConfiguration;
			baseConfigurationReference = BED8F01C09B16EAB920AD417 /* Pods-DemoProject-DemoProjectTests.debug.xcconfig */;
			buildSettings = {
				BUNDLE_LOADER = "$(TEST_HOST)";
				GCC_PREPROCESSOR_DEFINITIONS = (
					"DEBUG=1",
					"$(inherited)",
				);
				INFOPLIST_FILE = DemoProjectTests/Info.plist;
				IPHONEOS_DEPLOYMENT_TARGET = 10.0;
				LD_RUNPATH_SEARCH_PATHS = (
					"$(inherited)",
					"@executable_path/Frameworks",
					"@loader_path/Frameworks",
				);
				OTHER_LDFLAGS = (
					"-ObjC",
					"-lc++",
					"$(inherited)",
				);
				PRODUCT_BUNDLE_IDENTIFIER = "org.reactjs.native.example.$(PRODUCT_NAME:rfc1034identifier)";
				PRODUCT_NAME = "$(TARGET_NAME)";
				TEST_HOST = "$(BUILT_PRODUCTS_DIR)/DemoProject.app/DemoProject";
			};
			name = Debug;
		};
		00E356F71AD99517003FC87E /* Release */ = {
			isa = XCBuildConfiguration;
			baseConfigurationReference = FE32BFD45248FC11B0B32DB3 /* Pods-DemoProject-DemoProjectTests.release.xcconfig */;
			buildSettings = {
				BUNDLE_LOADER = "$(TEST_HOST)";
				COPY_PHASE_STRIP = NO;
				INFOPLIST_FILE = DemoProjectTests/Info.plist;
				IPHONEOS_DEPLOYMENT_TARGET = 10.0;
				LD_RUNPATH_SEARCH_PATHS = (
					"$(inherited)",
					"@executable_path/Frameworks",
					"@loader_path/Frameworks",
				);
				OTHER_LDFLAGS = (
					"-ObjC",
					"-lc++",
					"$(inherited)",
				);
				PRODUCT_BUNDLE_IDENTIFIER = "org.reactjs.native.example.$(PRODUCT_NAME:rfc1034identifier)";
				PRODUCT_NAME = "$(TARGET_NAME)";
				TEST_HOST = "$(BUILT_PRODUCTS_DIR)/DemoProject.app/DemoProject";
			};
			name = Release;
		};
		13B07F941A680F5B00A75B9A /* Debug */ = {
			isa = XCBuildConfiguration;
			baseConfigurationReference = 2CDAFFFC803A8FB71E7B1701 /* Pods-DemoProject.debug.xcconfig */;
			buildSettings = {
				ASSETCATALOG_COMPILER_APPICON_NAME = AppIcon;
				CLANG_ENABLE_MODULES = YES;
				CURRENT_PROJECT_VERSION = 1;
				ENABLE_BITCODE = NO;
				INFOPLIST_FILE = DemoProject/Info.plist;
				LD_RUNPATH_SEARCH_PATHS = (
					"$(inherited)",
					"@executable_path/Frameworks",
				);
				OTHER_LDFLAGS = (
					"$(inherited)",
					"-ObjC",
					"-lc++",
				);
				PRODUCT_BUNDLE_IDENTIFIER = "org.reactjs.native.example.$(PRODUCT_NAME:rfc1034identifier)";
				PRODUCT_NAME = DemoProject;
				SWIFT_OPTIMIZATION_LEVEL = "-Onone";
				SWIFT_VERSION = 5.0;
				VERSIONING_SYSTEM = "apple-generic";
			};
			name = Debug;
		};
		13B07F951A680F5B00A75B9A /* Release */ = {
			isa = XCBuildConfiguration;
			baseConfigurationReference = EC1990B3293FEBF261404322 /* Pods-DemoProject.release.xcconfig */;
			buildSettings = {
				ASSETCATALOG_COMPILER_APPICON_NAME = AppIcon;
				CLANG_ENABLE_MODULES = YES;
				CURRENT_PROJECT_VERSION = 1;
				INFOPLIST_FILE = DemoProject/Info.plist;
				LD_RUNPATH_SEARCH_PATHS = (
					"$(inherited)",
					"@executable_path/Frameworks",
				);
				OTHER_LDFLAGS = (
					"$(inherited)",
					"-ObjC",
					"-lc++",
				);
				PRODUCT_BUNDLE_IDENTIFIER = "org.reactjs.native.example.$(PRODUCT_NAME:rfc1034identifier)";
				PRODUCT_NAME = DemoProject;
				SWIFT_VERSION = 5.0;
				VERSIONING_SYSTEM = "apple-generic";
			};
			name = Release;
		};
		83CBBA201A601CBA00E9B192 /* Debug */ = {
			isa = XCBuildConfiguration;
			buildSettings = {
				ALWAYS_SEARCH_USER_PATHS = NO;
				CLANG_ANALYZER_LOCALIZABILITY_NONLOCALIZED = YES;
				CLANG_CXX_LANGUAGE_STANDARD = "gnu++0x";
				CLANG_CXX_LIBRARY = "libc++";
				CLANG_ENABLE_MODULES = YES;
				CLANG_ENABLE_OBJC_ARC = YES;
				CLANG_WARN_BLOCK_CAPTURE_AUTORELEASING = YES;
				CLANG_WARN_BOOL_CONVERSION = YES;
				CLANG_WARN_COMMA = YES;
				CLANG_WARN_CONSTANT_CONVERSION = YES;
				CLANG_WARN_DEPRECATED_OBJC_IMPLEMENTATIONS = YES;
				CLANG_WARN_DIRECT_OBJC_ISA_USAGE = YES_ERROR;
				CLANG_WARN_EMPTY_BODY = YES;
				CLANG_WARN_ENUM_CONVERSION = YES;
				CLANG_WARN_INFINITE_RECURSION = YES;
				CLANG_WARN_INT_CONVERSION = YES;
				CLANG_WARN_NON_LITERAL_NULL_CONVERSION = YES;
				CLANG_WARN_OBJC_IMPLICIT_RETAIN_SELF = YES;
				CLANG_WARN_OBJC_LITERAL_CONVERSION = YES;
				CLANG_WARN_OBJC_ROOT_CLASS = YES_ERROR;
				CLANG_WARN_QUOTED_INCLUDE_IN_FRAMEWORK_HEADER = YES;
				CLANG_WARN_RANGE_LOOP_ANALYSIS = YES;
				CLANG_WARN_STRICT_PROTOTYPES = YES;
				CLANG_WARN_SUSPICIOUS_MOVE = YES;
				CLANG_WARN_UNREACHABLE_CODE = YES;
				CLANG_WARN__DUPLICATE_METHOD_MATCH = YES;
				"CODE_SIGN_IDENTITY[sdk=iphoneos*]" = "iPhone Developer";
				COPY_PHASE_STRIP = NO;
				ENABLE_STRICT_OBJC_MSGSEND = YES;
				ENABLE_TESTABILITY = YES;
				"EXCLUDED_ARCHS[sdk=iphonesimulator*]" = "arm64 ";
				GCC_C_LANGUAGE_STANDARD = gnu99;
				GCC_DYNAMIC_NO_PIC = NO;
				GCC_NO_COMMON_BLOCKS = YES;
				GCC_OPTIMIZATION_LEVEL = 0;
				GCC_PREPROCESSOR_DEFINITIONS = (
					"DEBUG=1",
					"$(inherited)",
				);
				GCC_SYMBOLS_PRIVATE_EXTERN = NO;
				GCC_WARN_64_TO_32_BIT_CONVERSION = YES;
				GCC_WARN_ABOUT_RETURN_TYPE = YES_ERROR;
				GCC_WARN_UNDECLARED_SELECTOR = YES;
				GCC_WARN_UNINITIALIZED_AUTOS = YES_AGGRESSIVE;
				GCC_WARN_UNUSED_FUNCTION = YES;
				GCC_WARN_UNUSED_VARIABLE = YES;
				IPHONEOS_DEPLOYMENT_TARGET = 10.0;
				LD_RUNPATH_SEARCH_PATHS = (
					/usr/lib/swift,
					"$(inherited)",
				);
				LIBRARY_SEARCH_PATHS = (
					"\"$(TOOLCHAIN_DIR)/usr/lib/swift/$(PLATFORM_NAME)\"",
					"\"$(TOOLCHAIN_DIR)/usr/lib/swift-5.0/$(PLATFORM_NAME)\"",
					"\"$(inherited)\"",
				);
				MTL_ENABLE_DEBUG_INFO = YES;
				ONLY_ACTIVE_ARCH = YES;
				SDKROOT = iphoneos;
			};
			name = Debug;
		};
		83CBBA211A601CBA00E9B192 /* Release */ = {
			isa = XCBuildConfiguration;
			buildSettings = {
				ALWAYS_SEARCH_USER_PATHS = NO;
				CLANG_ANALYZER_LOCALIZABILITY_NONLOCALIZED = YES;
				CLANG_CXX_LANGUAGE_STANDARD = "gnu++0x";
				CLANG_CXX_LIBRARY = "libc++";
				CLANG_ENABLE_MODULES = YES;
				CLANG_ENABLE_OBJC_ARC = YES;
				CLANG_WARN_BLOCK_CAPTURE_AUTORELEASING = YES;
				CLANG_WARN_BOOL_CONVERSION = YES;
				CLANG_WARN_COMMA = YES;
				CLANG_WARN_CONSTANT_CONVERSION = YES;
				CLANG_WARN_DEPRECATED_OBJC_IMPLEMENTATIONS = YES;
				CLANG_WARN_DIRECT_OBJC_ISA_USAGE = YES_ERROR;
				CLANG_WARN_EMPTY_BODY = YES;
				CLANG_WARN_ENUM_CONVERSION = YES;
				CLANG_WARN_INFINITE_RECURSION = YES;
				CLANG_WARN_INT_CONVERSION = YES;
				CLANG_WARN_NON_LITERAL_NULL_CONVERSION = YES;
				CLANG_WARN_OBJC_IMPLICIT_RETAIN_SELF = YES;
				CLANG_WARN_OBJC_LITERAL_CONVERSION = YES;
				CLANG_WARN_OBJC_ROOT_CLASS = YES_ERROR;
				CLANG_WARN_QUOTED_INCLUDE_IN_FRAMEWORK_HEADER = YES;
				CLANG_WARN_RANGE_LOOP_ANALYSIS = YES;
				CLANG_WARN_STRICT_PROTOTYPES = YES;
				CLANG_WARN_SUSPICIOUS_MOVE = YES;
				CLANG_WARN_UNREACHABLE_CODE = YES;
				CLANG_WARN__DUPLICATE_METHOD_MATCH = YES;
				"CODE_SIGN_IDENTITY[sdk=iphoneos*]" = "iPhone Developer";
				COPY_PHASE_STRIP = YES;
				ENABLE_NS_ASSERTIONS = NO;
				ENABLE_STRICT_OBJC_MSGSEND = YES;
				"EXCLUDED_ARCHS[sdk=iphonesimulator*]" = "arm64 ";
				GCC_C_LANGUAGE_STANDARD = gnu99;
				GCC_NO_COMMON_BLOCKS = YES;
				GCC_WARN_64_TO_32_BIT_CONVERSION = YES;
				GCC_WARN_ABOUT_RETURN_TYPE = YES_ERROR;
				GCC_WARN_UNDECLARED_SELECTOR = YES;
				GCC_WARN_UNINITIALIZED_AUTOS = YES_AGGRESSIVE;
				GCC_WARN_UNUSED_FUNCTION = YES;
				GCC_WARN_UNUSED_VARIABLE = YES;
				IPHONEOS_DEPLOYMENT_TARGET = 10.0;
				LD_RUNPATH_SEARCH_PATHS = (
					/usr/lib/swift,
					"$(inherited)",
				);
				LIBRARY_SEARCH_PATHS = (
					"\"$(TOOLCHAIN_DIR)/usr/lib/swift/$(PLATFORM_NAME)\"",
					"\"$(TOOLCHAIN_DIR)/usr/lib/swift-5.0/$(PLATFORM_NAME)\"",
					"\"$(inherited)\"",
				);
				MTL_ENABLE_DEBUG_INFO = NO;
				SDKROOT = iphoneos;
				VALIDATE_PRODUCT = YES;
			};
			name = Release;
		};
/* End XCBuildConfiguration section */

/* Begin XCConfigurationList section */
		00E357021AD99517003FC87E /* Build configuration list for PBXNativeTarget "DemoProjectTests" */ = {
			isa = XCConfigurationList;
			buildConfigurations = (
				00E356F61AD99517003FC87E /* Debug */,
				00E356F71AD99517003FC87E /* Release */,
			);
			defaultConfigurationIsVisible = 0;
			defaultConfigurationName = Release;
		};
		13B07F931A680F5B00A75B9A /* Build configuration list for PBXNativeTarget "DemoProject" */ = {
			isa = XCConfigurationList;
			buildConfigurations = (
				13B07F941A680F5B00A75B9A /* Debug */,
				13B07F951A680F5B00A75B9A /* Release */,
			);
			defaultConfigurationIsVisible = 0;
			defaultConfigurationName = Release;
		};
		83CBB9FA1A601CBA00E9B192 /* Build configuration list for PBXProject "DemoProject" */ = {
			isa = XCConfigurationList;
			buildConfigurations = (
				83CBBA201A601CBA00E9B192 /* Debug */,
				83CBBA211A601CBA00E9B192 /* Release */,
			);
			defaultConfigurationIsVisible = 0;
			defaultConfigurationName = Release;
		};
/* End XCConfigurationList section */
	};
	rootObject = 83CBB9F71A601CBA00E9B192 /* Project object */;
}
